
Microsoft Visual Studio Solution File, Format Version 12.00
# Visual Studio Version 17
VisualStudioVersion = 17.3.32922.545
MinimumVisualStudioVersion = 10.0.40219.1
Project("{9A19103F-16F7-4668-BE54-9A1E7A4F7556}") = "MyClinicApp", "MyClinicApp\MyClinicApp.csproj", "{C402CD39-F997-48EF-BAC3-B8C870CD96AD}"
EndProject
Project("{2150E333-8FDC-42A3-9474-1A3956D46DE8}") = "Domain", "Domain", "{E0DDCEB4-E88C-4FEB-8F57-C992237D234D}"
EndProject
Project("{FAE04EC0-301F-11D3-BF4B-00C04F79EFBC}") = "MyClinicApp.Domain", "MyClinicApp.Domain\MyClinicApp.Domain.csproj", "{E8BAAAE8-B5B5-4108-9054-5A7EE957F0B5}"
EndProject
Project("{2150E333-8FDC-42A3-9474-1A3956D46DE8}") = "Элементы Решения", "Элементы Решения", "{CD03B364-B9FE-4B65-9024-5C0FFE71CBD9}"
	ProjectSection(SolutionItems) = preProject
		.gitignore = .gitignore
	EndProjectSection
EndProject
Project("{2150E333-8FDC-42A3-9474-1A3956D46DE8}") = "DAL", "DAL", "{25CD43F7-1E79-4F7A-A990-6923FD8AA950}"
EndProject
Project("{FAE04EC0-301F-11D3-BF4B-00C04F79EFBC}") = "MyClinicApp.DAL", "MyClinicApp.DAL\MyClinicApp.DAL.csproj", "{92FE0030-79DD-493B-A090-3220E94F36CE}"
EndProject
Project("{2150E333-8FDC-42A3-9474-1A3956D46DE8}") = "Service", "Service", "{11D9EE91-410E-48AD-BFBE-1782019A8790}"
EndProject
Project("{FAE04EC0-301F-11D3-BF4B-00C04F79EFBC}") = "MyClinicApp.Service", "MyClinicApp.Service\MyClinicApp.Service.csproj", "{C6259A6C-E5C7-4E47-9420-EF11C2FA7A8F}"
EndProject
Project("{2150E333-8FDC-42A3-9474-1A3956D46DE8}") = "UnitTesting", "UnitTesting", "{95079B0B-435E-4DDD-A32B-550F417E756D}"
EndProject
Project("{9A19103F-16F7-4668-BE54-9A1E7A4F7556}") = "Tests", "Tests\Tests.csproj", "{12BB960E-5370-4CB6-BABC-9E3CB2CFC94F}"
EndProject
Project("{9A19103F-16F7-4668-BE54-9A1E7A4F7556}") = "MyClimicApp.API", "MyClimicApp.API\MyClimicApp.API.csproj", "{98E5D5EA-903B-40A7-9FF2-E16B8A52E903}"
	ProjectSection(ProjectDependencies) = postProject
		{12BB960E-5370-4CB6-BABC-9E3CB2CFC94F} = {12BB960E-5370-4CB6-BABC-9E3CB2CFC94F}
		{92FE0030-79DD-493B-A090-3220E94F36CE} = {92FE0030-79DD-493B-A090-3220E94F36CE}
		{C402CD39-F997-48EF-BAC3-B8C870CD96AD} = {C402CD39-F997-48EF-BAC3-B8C870CD96AD}
		{E8BAAAE8-B5B5-4108-9054-5A7EE957F0B5} = {E8BAAAE8-B5B5-4108-9054-5A7EE957F0B5}
	EndProjectSection
EndProject
Project("{2150E333-8FDC-42A3-9474-1A3956D46DE8}") = "Controller", "Controller", "{B2CF6B8F-DAF5-4982-B3CF-8FF1DDB7071C}"
EndProject
Global
	GlobalSection(SolutionConfigurationPlatforms) = preSolution
		Debug|Any CPU = Debug|Any CPU
		Release|Any CPU = Release|Any CPU
	EndGlobalSection
	GlobalSection(ProjectConfigurationPlatforms) = postSolution
		{C402CD39-F997-48EF-BAC3-B8C870CD96AD}.Debug|Any CPU.ActiveCfg = Debug|Any CPU
		{C402CD39-F997-48EF-BAC3-B8C870CD96AD}.Debug|Any CPU.Build.0 = Debug|Any CPU
		{C402CD39-F997-48EF-BAC3-B8C870CD96AD}.Release|Any CPU.ActiveCfg = Release|Any CPU
		{C402CD39-F997-48EF-BAC3-B8C870CD96AD}.Release|Any CPU.Build.0 = Release|Any CPU
		{E8BAAAE8-B5B5-4108-9054-5A7EE957F0B5}.Debug|Any CPU.ActiveCfg = Debug|Any CPU
		{E8BAAAE8-B5B5-4108-9054-5A7EE957F0B5}.Debug|Any CPU.Build.0 = Debug|Any CPU
		{E8BAAAE8-B5B5-4108-9054-5A7EE957F0B5}.Release|Any CPU.ActiveCfg = Release|Any CPU
		{E8BAAAE8-B5B5-4108-9054-5A7EE957F0B5}.Release|Any CPU.Build.0 = Release|Any CPU
		{92FE0030-79DD-493B-A090-3220E94F36CE}.Debug|Any CPU.ActiveCfg = Debug|Any CPU
		{92FE0030-79DD-493B-A090-3220E94F36CE}.Debug|Any CPU.Build.0 = Debug|Any CPU
		{92FE0030-79DD-493B-A090-3220E94F36CE}.Release|Any CPU.ActiveCfg = Release|Any CPU
		{92FE0030-79DD-493B-A090-3220E94F36CE}.Release|Any CPU.Build.0 = Release|Any CPU
		{C6259A6C-E5C7-4E47-9420-EF11C2FA7A8F}.Debug|Any CPU.ActiveCfg = Debug|Any CPU
		{C6259A6C-E5C7-4E47-9420-EF11C2FA7A8F}.Debug|Any CPU.Build.0 = Debug|Any CPU
		{C6259A6C-E5C7-4E47-9420-EF11C2FA7A8F}.Release|Any CPU.ActiveCfg = Release|Any CPU
		{C6259A6C-E5C7-4E47-9420-EF11C2FA7A8F}.Release|Any CPU.Build.0 = Release|Any CPU
		{12BB960E-5370-4CB6-BABC-9E3CB2CFC94F}.Debug|Any CPU.ActiveCfg = Debug|Any CPU
		{12BB960E-5370-4CB6-BABC-9E3CB2CFC94F}.Debug|Any CPU.Build.0 = Debug|Any CPU
		{12BB960E-5370-4CB6-BABC-9E3CB2CFC94F}.Release|Any CPU.ActiveCfg = Release|Any CPU
		{12BB960E-5370-4CB6-BABC-9E3CB2CFC94F}.Release|Any CPU.Build.0 = Release|Any CPU
		{98E5D5EA-903B-40A7-9FF2-E16B8A52E903}.Debug|Any CPU.ActiveCfg = Debug|Any CPU
		{98E5D5EA-903B-40A7-9FF2-E16B8A52E903}.Debug|Any CPU.Build.0 = Debug|Any CPU
		{98E5D5EA-903B-40A7-9FF2-E16B8A52E903}.Release|Any CPU.ActiveCfg = Release|Any CPU
		{98E5D5EA-903B-40A7-9FF2-E16B8A52E903}.Release|Any CPU.Build.0 = Release|Any CPU
	EndGlobalSection
	GlobalSection(SolutionProperties) = preSolution
		HideSolutionNode = FALSE
	EndGlobalSection
	GlobalSection(NestedProjects) = preSolution
		{E8BAAAE8-B5B5-4108-9054-5A7EE957F0B5} = {E0DDCEB4-E88C-4FEB-8F57-C992237D234D}
		{92FE0030-79DD-493B-A090-3220E94F36CE} = {25CD43F7-1E79-4F7A-A990-6923FD8AA950}
		{C6259A6C-E5C7-4E47-9420-EF11C2FA7A8F} = {11D9EE91-410E-48AD-BFBE-1782019A8790}
		{12BB960E-5370-4CB6-BABC-9E3CB2CFC94F} = {95079B0B-435E-4DDD-A32B-550F417E756D}
		{98E5D5EA-903B-40A7-9FF2-E16B8A52E903} = {B2CF6B8F-DAF5-4982-B3CF-8FF1DDB7071C}
	EndGlobalSection
	GlobalSection(ExtensibilityGlobals) = postSolution
		SolutionGuid = {2B8BB48A-DD02-4B07-94F8-3B1B1E621BFC}
	EndGlobalSection
EndGlobal
